<?xml version="1.0" encoding="UTF-8" standalone="yes" ?>
<CodeBlocks_project_file>
	<FileVersion major="1" minor="6" />
	<Project>
		<Option title="GrafosGrupo17v3" />
		<Option pch_mode="2" />
		<Option compiler="gcc" />
		<Build>
			<Target title="Debug">
				<Option output="bin/Debug/GrafosGrupo17v3" prefix_auto="1" extension_auto="1" />
				<Option object_output="obj/Debug/" />
				<Option type="1" />
				<Option compiler="gcc" />
				<Compiler>
					<Add option="-g" />
					<Add directory="Utils" />
				</Compiler>
			</Target>
			<Target title="Release">
				<Option output="bin/Release/GrafosGrupo17v3" prefix_auto="1" extension_auto="1" />
				<Option object_output="obj/Release/" />
				<Option type="1" />
				<Option compiler="gcc" />
				<Compiler>
					<Add option="-O2" />
					<Add directory="Utils" />
				</Compiler>
				<Linker>
					<Add option="-s" />
				</Linker>
			</Target>
		</Build>
		<Compiler>
			<Add option="-Wall" />
			<Add option="-fexceptions" />
		</Compiler>
		<Unit filename="Algoritmos/Djisktra.h" />
		<Unit filename="Algoritmos/Floyd.h" />
		<Unit filename="Algoritmos/Guloso.h" />
		<Unit filename="Algoritmos/Kruskal.h" />
		<Unit filename="Algoritmos/Prim.h" />
		<Unit filename="Aresta.cpp" />
		<Unit filename="Aresta.h" />
		<Unit filename="Grafo.cpp" />
		<Unit filename="Grafo.h" />
		<Unit filename="ItemListaDeNos.cpp">
			<Option target="Release" />
		</Unit>
		<Unit filename="ItemListaDeNos.h">
			<Option target="Release" />
		</Unit>
		<Unit filename="ListaDeNos.cpp">
			<Option target="Release" />
		</Unit>
		<Unit filename="ListaDeNos.h">
			<Option target="Release" />
		</Unit>
		<Unit filename="No.cpp" />
		<Unit filename="No.h" />
		<Unit filename="Utils/ArestaSolucao.h" />
		<Unit filename="Utils/Fila.cpp" />
		<Unit filename="Utils/Fila.h" />
		<Unit filename="Utils/ItemListaDeNos.cpp" />
		<Unit filename="Utils/ItemListaDeNos.h" />
		<Unit filename="Utils/Leitura.h" />
		<Unit filename="Utils/ListaDeArestas.cpp" />
		<Unit filename="Utils/ListaDeArestas.h" />
		<Unit filename="Utils/ListaDeNos.cpp" />
		<Unit filename="Utils/ListaDeNos.h" />
		<Unit filename="main.cpp" />
		<Extensions>
			<code_completion />
			<envvars />
			<debugger />
			<lib_finder disable_auto="1" />
		</Extensions>
	</Project>
</CodeBlocks_project_file>
